
Microsoft Visual Studio Solution File, Format Version 12.00
# Visual Studio Version 16
VisualStudioVersion = 16.0.30611.23
MinimumVisualStudioVersion = 10.0.40219.1
Project("{9A19103F-16F7-4668-BE54-9A1E7A4F7556}") = "SpeedWebAPI", "SpeedWebAPI.csproj", "{B4163B63-B320-4901-A799-1970556BD96C}"
EndProject
Global
	GlobalSection(SolutionConfigurationPlatforms) = preSolution
		Debug|Any CPU = Debug|Any CPU
		Release|Any CPU = Release|Any CPU
	EndGlobalSection
	GlobalSection(ProjectConfigurationPlatforms) = postSolution
		{B4163B63-B320-4901-A799-1970556BD96C}.Debug|Any CPU.ActiveCfg = Debug|Any CPU
		{B4163B63-B320-4901-A799-1970556BD96C}.Debug|Any CPU.Build.0 = Debug|Any CPU
		{B4163B63-B320-4901-A799-1970556BD96C}.Release|Any CPU.ActiveCfg = Release|Any CPU
		{B4163B63-B320-4901-A799-1970556BD96C}.Release|Any CPU.Build.0 = Release|Any CPU
	EndGlobalSection
	GlobalSection(SolutionProperties) = preSolution
		HideSolutionNode = FALSE
	EndGlobalSection
	GlobalSection(ExtensibilityGlobals) = postSolution
		SolutionGuid = {776F693E-80BB-4644-AB16-8624CFDEF786}
	EndGlobalSection
EndGlobal
